# THIS IS AN AUTOGENERATED FILE. DO NOT EDIT THIS FILE DIRECTLY.
# yarn lockfile v1


nodemailer@^6.7.2:
  version "6.7.2"
  resolved "https://registry.yarnpkg.com/nodemailer/-/nodemailer-6.7.2.tgz#44b2ad5f7ed71b7067f7a21c4fedabaec62b85e0"
  integrity sha512-Dz7zVwlef4k5R71fdmxwR8Q39fiboGbu3xgswkzGwczUfjp873rVxt1O46+Fh0j1ORnAC6L9+heI8uUpO6DT7Q==

react-bootstrap-date-picker@^5.1.0:
  version "5.1.0"
  resolved "https://registry.yarnpkg.com/react-bootstrap-date-picker/-/react-bootstrap-date-picker-5.1.0.tgz#5f87c6a875e411dbf46d2be74960756f113ebf23"
  integrity sha1-X4fGqHXkEdv0bSvnSWB1bxE+vyM=
