# THIS IS AN AUTOGENERATED FILE. DO NOT EDIT THIS FILE DIRECTLY.
# yarn lockfile v1


react-bootstrap-date-picker@^5.1.0:
  version "5.1.0"
  resolved "https://registry.yarnpkg.com/react-bootstrap-date-picker/-/react-bootstrap-date-picker-5.1.0.tgz#5f87c6a875e411dbf46d2be74960756f113ebf23"
  integrity sha1-X4fGqHXkEdv0bSvnSWB1bxE+vyM=
